
Microsoft Visual Studio Solution File, Format Version 12.00
Project("{FAE04EC0-301F-11D3-BF4B-00C04F79EFBC}") = "FridgeProject", "FridgeProject\FridgeProject.csproj", "{429A9405-EAF9-45E4-9ACD-D77435024BE9}"
EndProject
Project("{FAE04EC0-301F-11D3-BF4B-00C04F79EFBC}") = "Entities", "Entities\Entities.csproj", "{E9778558-2375-405E-A224-66D6FDEBD023}"
EndProject
Project("{FAE04EC0-301F-11D3-BF4B-00C04F79EFBC}") = "Repository", "Repository\Repository.csproj", "{8374A5BF-D87B-4684-9024-F932BCA8C862}"
EndProject
Project("{FAE04EC0-301F-11D3-BF4B-00C04F79EFBC}") = "Contracts", "Contracts\Contracts.csproj", "{D4A60C22-2874-4223-8742-503439CCAB2F}"
EndProject
Project("{FAE04EC0-301F-11D3-BF4B-00C04F79EFBC}") = "LoggerService", "LoggerService\LoggerService.csproj", "{4FE1E18E-3493-4D2B-8AE9-8EA402C75AC9}"
EndProject
Project("{FAE04EC0-301F-11D3-BF4B-00C04F79EFBC}") = "FridgeProject.Tests", "FridgeProject.Tests\FridgeProject.Tests.csproj", "{1CB9F190-C350-495E-A656-41EBE3248BAA}"
EndProject
Global
	GlobalSection(SolutionConfigurationPlatforms) = preSolution
		Debug|Any CPU = Debug|Any CPU
		Release|Any CPU = Release|Any CPU
	EndGlobalSection
	GlobalSection(ProjectConfigurationPlatforms) = postSolution
		{429A9405-EAF9-45E4-9ACD-D77435024BE9}.Debug|Any CPU.ActiveCfg = Debug|Any CPU
		{429A9405-EAF9-45E4-9ACD-D77435024BE9}.Debug|Any CPU.Build.0 = Debug|Any CPU
		{429A9405-EAF9-45E4-9ACD-D77435024BE9}.Release|Any CPU.ActiveCfg = Release|Any CPU
		{429A9405-EAF9-45E4-9ACD-D77435024BE9}.Release|Any CPU.Build.0 = Release|Any CPU
		{E9778558-2375-405E-A224-66D6FDEBD023}.Debug|Any CPU.ActiveCfg = Debug|Any CPU
		{E9778558-2375-405E-A224-66D6FDEBD023}.Debug|Any CPU.Build.0 = Debug|Any CPU
		{E9778558-2375-405E-A224-66D6FDEBD023}.Release|Any CPU.ActiveCfg = Release|Any CPU
		{E9778558-2375-405E-A224-66D6FDEBD023}.Release|Any CPU.Build.0 = Release|Any CPU
		{8374A5BF-D87B-4684-9024-F932BCA8C862}.Debug|Any CPU.ActiveCfg = Debug|Any CPU
		{8374A5BF-D87B-4684-9024-F932BCA8C862}.Debug|Any CPU.Build.0 = Debug|Any CPU
		{8374A5BF-D87B-4684-9024-F932BCA8C862}.Release|Any CPU.ActiveCfg = Release|Any CPU
		{8374A5BF-D87B-4684-9024-F932BCA8C862}.Release|Any CPU.Build.0 = Release|Any CPU
		{D4A60C22-2874-4223-8742-503439CCAB2F}.Debug|Any CPU.ActiveCfg = Debug|Any CPU
		{D4A60C22-2874-4223-8742-503439CCAB2F}.Debug|Any CPU.Build.0 = Debug|Any CPU
		{D4A60C22-2874-4223-8742-503439CCAB2F}.Release|Any CPU.ActiveCfg = Release|Any CPU
		{D4A60C22-2874-4223-8742-503439CCAB2F}.Release|Any CPU.Build.0 = Release|Any CPU
		{4FE1E18E-3493-4D2B-8AE9-8EA402C75AC9}.Debug|Any CPU.ActiveCfg = Debug|Any CPU
		{4FE1E18E-3493-4D2B-8AE9-8EA402C75AC9}.Debug|Any CPU.Build.0 = Debug|Any CPU
		{4FE1E18E-3493-4D2B-8AE9-8EA402C75AC9}.Release|Any CPU.ActiveCfg = Release|Any CPU
		{4FE1E18E-3493-4D2B-8AE9-8EA402C75AC9}.Release|Any CPU.Build.0 = Release|Any CPU
		{1CB9F190-C350-495E-A656-41EBE3248BAA}.Debug|Any CPU.ActiveCfg = Debug|Any CPU
		{1CB9F190-C350-495E-A656-41EBE3248BAA}.Debug|Any CPU.Build.0 = Debug|Any CPU
		{1CB9F190-C350-495E-A656-41EBE3248BAA}.Release|Any CPU.ActiveCfg = Release|Any CPU
		{1CB9F190-C350-495E-A656-41EBE3248BAA}.Release|Any CPU.Build.0 = Release|Any CPU
	EndGlobalSection
EndGlobal
