
Microsoft Visual Studio Solution File, Format Version 12.00
Project("{2150E333-8FDC-42A3-9474-1A3956D46DE8}") = "Source", "Source", "{EFCB9F36-EFC7-4652-A8D4-AF5F52B07815}"
EndProject
Project("{2150E333-8FDC-42A3-9474-1A3956D46DE8}") = "Core", "Core", "{5EF8A099-FAA4-4B05-A452-C5BC689B1999}"
EndProject
Project("{2150E333-8FDC-42A3-9474-1A3956D46DE8}") = "Infrastructure", "Infrastructure", "{51CAB7F7-A1C5-4551-BBB5-55BEB2FB5E90}"
EndProject
Project("{2150E333-8FDC-42A3-9474-1A3956D46DE8}") = "WebApi", "WebApi", "{00221D7E-CB6E-4E2B-862C-1A352AC450F0}"
EndProject
Project("{FAE04EC0-301F-11D3-BF4B-00C04F79EFBC}") = "Application", "Application\Application.csproj", "{2BD60109-C2D1-4682-B953-DF98F0FB62A3}"
EndProject
Project("{FAE04EC0-301F-11D3-BF4B-00C04F79EFBC}") = "Domain", "Domain\Domain.csproj", "{F644DBAB-F8F3-45E8-BCFF-183E8BB7E65F}"
EndProject
Project("{FAE04EC0-301F-11D3-BF4B-00C04F79EFBC}") = "Infrastructure.Identity", "Infrastructure.Identity\Infrastructure.Identity.csproj", "{28AB4B36-A20C-40C1-84C4-9309A79C1192}"
EndProject
Project("{FAE04EC0-301F-11D3-BF4B-00C04F79EFBC}") = "Infrastructure.Persistence", "Infrastructure.Persistence\Infrastructure.Persistence.csproj", "{72AF47EC-CCAF-4702-BCE0-BC0F51F34D4F}"
EndProject
Project("{FAE04EC0-301F-11D3-BF4B-00C04F79EFBC}") = "WebApi", "WebApi\WebApi.csproj", "{5FE47161-0FD8-4BE2-A76F-F3B9383E7440}"
EndProject
Project("{2150E333-8FDC-42A3-9474-1A3956D46DE8}") = "Tests", "Tests", "{3D90B9F9-1597-4AFC-A23E-98D0C8CC614E}"
EndProject
Project("{FAE04EC0-301F-11D3-BF4B-00C04F79EFBC}") = "FridgeProject.Tests", "FridgeProject.Tests\FridgeProject.Tests.csproj", "{B30845F6-D06F-4A46-B8D0-AF42D19A5A61}"
EndProject
Global
	GlobalSection(SolutionConfigurationPlatforms) = preSolution
		Debug|Any CPU = Debug|Any CPU
		Release|Any CPU = Release|Any CPU
	EndGlobalSection
	GlobalSection(ProjectConfigurationPlatforms) = postSolution
		{2BD60109-C2D1-4682-B953-DF98F0FB62A3}.Debug|Any CPU.ActiveCfg = Debug|Any CPU
		{2BD60109-C2D1-4682-B953-DF98F0FB62A3}.Debug|Any CPU.Build.0 = Debug|Any CPU
		{2BD60109-C2D1-4682-B953-DF98F0FB62A3}.Release|Any CPU.ActiveCfg = Release|Any CPU
		{2BD60109-C2D1-4682-B953-DF98F0FB62A3}.Release|Any CPU.Build.0 = Release|Any CPU
		{F644DBAB-F8F3-45E8-BCFF-183E8BB7E65F}.Debug|Any CPU.ActiveCfg = Debug|Any CPU
		{F644DBAB-F8F3-45E8-BCFF-183E8BB7E65F}.Debug|Any CPU.Build.0 = Debug|Any CPU
		{F644DBAB-F8F3-45E8-BCFF-183E8BB7E65F}.Release|Any CPU.ActiveCfg = Release|Any CPU
		{F644DBAB-F8F3-45E8-BCFF-183E8BB7E65F}.Release|Any CPU.Build.0 = Release|Any CPU
		{28AB4B36-A20C-40C1-84C4-9309A79C1192}.Debug|Any CPU.ActiveCfg = Debug|Any CPU
		{28AB4B36-A20C-40C1-84C4-9309A79C1192}.Debug|Any CPU.Build.0 = Debug|Any CPU
		{28AB4B36-A20C-40C1-84C4-9309A79C1192}.Release|Any CPU.ActiveCfg = Release|Any CPU
		{28AB4B36-A20C-40C1-84C4-9309A79C1192}.Release|Any CPU.Build.0 = Release|Any CPU
		{72AF47EC-CCAF-4702-BCE0-BC0F51F34D4F}.Debug|Any CPU.ActiveCfg = Debug|Any CPU
		{72AF47EC-CCAF-4702-BCE0-BC0F51F34D4F}.Debug|Any CPU.Build.0 = Debug|Any CPU
		{72AF47EC-CCAF-4702-BCE0-BC0F51F34D4F}.Release|Any CPU.ActiveCfg = Release|Any CPU
		{72AF47EC-CCAF-4702-BCE0-BC0F51F34D4F}.Release|Any CPU.Build.0 = Release|Any CPU
		{5FE47161-0FD8-4BE2-A76F-F3B9383E7440}.Debug|Any CPU.ActiveCfg = Debug|Any CPU
		{5FE47161-0FD8-4BE2-A76F-F3B9383E7440}.Debug|Any CPU.Build.0 = Debug|Any CPU
		{5FE47161-0FD8-4BE2-A76F-F3B9383E7440}.Release|Any CPU.ActiveCfg = Release|Any CPU
		{5FE47161-0FD8-4BE2-A76F-F3B9383E7440}.Release|Any CPU.Build.0 = Release|Any CPU
		{B30845F6-D06F-4A46-B8D0-AF42D19A5A61}.Debug|Any CPU.ActiveCfg = Debug|Any CPU
		{B30845F6-D06F-4A46-B8D0-AF42D19A5A61}.Debug|Any CPU.Build.0 = Debug|Any CPU
		{B30845F6-D06F-4A46-B8D0-AF42D19A5A61}.Release|Any CPU.ActiveCfg = Release|Any CPU
		{B30845F6-D06F-4A46-B8D0-AF42D19A5A61}.Release|Any CPU.Build.0 = Release|Any CPU
	EndGlobalSection
	GlobalSection(NestedProjects) = preSolution
		{5EF8A099-FAA4-4B05-A452-C5BC689B1999} = {EFCB9F36-EFC7-4652-A8D4-AF5F52B07815}
		{51CAB7F7-A1C5-4551-BBB5-55BEB2FB5E90} = {EFCB9F36-EFC7-4652-A8D4-AF5F52B07815}
		{00221D7E-CB6E-4E2B-862C-1A352AC450F0} = {EFCB9F36-EFC7-4652-A8D4-AF5F52B07815}
		{2BD60109-C2D1-4682-B953-DF98F0FB62A3} = {5EF8A099-FAA4-4B05-A452-C5BC689B1999}
		{F644DBAB-F8F3-45E8-BCFF-183E8BB7E65F} = {5EF8A099-FAA4-4B05-A452-C5BC689B1999}
		{28AB4B36-A20C-40C1-84C4-9309A79C1192} = {51CAB7F7-A1C5-4551-BBB5-55BEB2FB5E90}
		{72AF47EC-CCAF-4702-BCE0-BC0F51F34D4F} = {51CAB7F7-A1C5-4551-BBB5-55BEB2FB5E90}
		{5FE47161-0FD8-4BE2-A76F-F3B9383E7440} = {00221D7E-CB6E-4E2B-862C-1A352AC450F0}
		{B30845F6-D06F-4A46-B8D0-AF42D19A5A61} = {3D90B9F9-1597-4AFC-A23E-98D0C8CC614E}
	EndGlobalSection
EndGlobal
